
Microsoft Visual Studio Solution File, Format Version 12.00
# Visual Studio 2013
VisualStudioVersion = 12.0.21005.1
MinimumVisualStudioVersion = 10.0.40219.1
Project("{FAE04EC0-301F-11D3-BF4B-00C04F79EFBC}") = "WebApplication", "WebApplication\WebApplication.csproj", "{B8E19211-82EB-419E-AD29-EF18E8B38FEA}"
EndProject
Project("{FAE04EC0-301F-11D3-BF4B-00C04F79EFBC}") = "WebModels", "WebModels\WebModels.csproj", "{D61A388A-0073-44EF-B77B-71005C7B1E0A}"
EndProject
Project("{FAE04EC0-301F-11D3-BF4B-00C04F79EFBC}") = "WebRepositories", "WebRepositories\WebRepositories.csproj", "{BBC86E91-7D0F-49DD-A0D7-A14500D4DE13}"
EndProject
Project("{FAE04EC0-301F-11D3-BF4B-00C04F79EFBC}") = "WebServices", "WebServices\WebServices.csproj", "{8E50D5DD-9A42-404D-BD77-705FFCEE1621}"
EndProject
Global
	GlobalSection(SolutionConfigurationPlatforms) = preSolution
		Debug|Any CPU = Debug|Any CPU
		Release|Any CPU = Release|Any CPU
	EndGlobalSection
	GlobalSection(ProjectConfigurationPlatforms) = postSolution
		{B8E19211-82EB-419E-AD29-EF18E8B38FEA}.Debug|Any CPU.ActiveCfg = Debug|Any CPU
		{B8E19211-82EB-419E-AD29-EF18E8B38FEA}.Debug|Any CPU.Build.0 = Debug|Any CPU
		{B8E19211-82EB-419E-AD29-EF18E8B38FEA}.Release|Any CPU.ActiveCfg = Release|Any CPU
		{B8E19211-82EB-419E-AD29-EF18E8B38FEA}.Release|Any CPU.Build.0 = Release|Any CPU
		{D61A388A-0073-44EF-B77B-71005C7B1E0A}.Debug|Any CPU.ActiveCfg = Debug|Any CPU
		{D61A388A-0073-44EF-B77B-71005C7B1E0A}.Debug|Any CPU.Build.0 = Debug|Any CPU
		{D61A388A-0073-44EF-B77B-71005C7B1E0A}.Release|Any CPU.ActiveCfg = Release|Any CPU
		{D61A388A-0073-44EF-B77B-71005C7B1E0A}.Release|Any CPU.Build.0 = Release|Any CPU
		{BBC86E91-7D0F-49DD-A0D7-A14500D4DE13}.Debug|Any CPU.ActiveCfg = Debug|Any CPU
		{BBC86E91-7D0F-49DD-A0D7-A14500D4DE13}.Debug|Any CPU.Build.0 = Debug|Any CPU
		{BBC86E91-7D0F-49DD-A0D7-A14500D4DE13}.Release|Any CPU.ActiveCfg = Release|Any CPU
		{BBC86E91-7D0F-49DD-A0D7-A14500D4DE13}.Release|Any CPU.Build.0 = Release|Any CPU
		{8E50D5DD-9A42-404D-BD77-705FFCEE1621}.Debug|Any CPU.ActiveCfg = Debug|Any CPU
		{8E50D5DD-9A42-404D-BD77-705FFCEE1621}.Debug|Any CPU.Build.0 = Debug|Any CPU
		{8E50D5DD-9A42-404D-BD77-705FFCEE1621}.Release|Any CPU.ActiveCfg = Release|Any CPU
		{8E50D5DD-9A42-404D-BD77-705FFCEE1621}.Release|Any CPU.Build.0 = Release|Any CPU
	EndGlobalSection
	GlobalSection(SolutionProperties) = preSolution
		HideSolutionNode = FALSE
	EndGlobalSection
EndGlobal
